#MicroXplorer Configuration settings - do not modify
Mcu.Family=STM32F1
ProjectManager.MainLocation=Core/Src
RCC.MCOFreq_Value=8000000
ProjectManager.ProjectFileName=ProjetoOven.ioc
ProjectManager.KeepUserCode=true
Mcu.UserName=STM32F103C6Tx
Mcu.PinsNb=21
ProjectManager.NoMain=false
PA10.GPIO_PuPd=GPIO_PULLUP
RCC.PLLCLKFreq_Value=64000000
PA12.GPIOParameters=GPIO_PuPd
ProjectManager.functionlistsort=1-MX_GPIO_Init-GPIO-false-HAL-true,2-SystemClock_Config-RCC-false-HAL-false
PA11.GPIOParameters=GPIO_PuPd
RCC.ADCFreqValue=4000000
ProjectManager.DefaultFWLocation=true
PA11.GPIO_PuPd=GPIO_PULLUP
ProjectManager.DeletePrevious=true
VP_SYS_VS_ND.Mode=No_Debug
PinOutPanel.RotationAngle=0
RCC.FamilyName=M
ProjectManager.StackSize=0x400
PA13.Signal=GPIO_Input
RCC.FCLKCortexFreq_Value=8000000
NVIC.SVCall_IRQn=true\:0\:0\:false\:false\:true\:false\:false
Mcu.IP2=SYS
Mcu.IP0=NVIC
PA11.Locked=true
PA12.Locked=true
PA15.Locked=true
Mcu.IP1=RCC
PA12.Signal=GPIO_Input
Mcu.UserConstants=
ProjectManager.TargetToolchain=STM32CubeIDE
Mcu.ThirdPartyNb=0
RCC.HCLKFreq_Value=8000000
Mcu.IPNb=3
ProjectManager.PreviousToolchain=STM32CubeIDE
RCC.APB2TimFreq_Value=8000000
PA9.Signal=GPIO_Output
Mcu.Pin6=PA7
Mcu.Pin7=PB0
ProjectManager.RegisterCallBack=
Mcu.Pin8=PB1
RCC.USBFreq_Value=64000000
Mcu.Pin9=PB2
PA1.Signal=GPIO_Input
RCC.AHBFreq_Value=8000000
Mcu.Pin0=PA1
PB1.Locked=true
Mcu.Pin1=PA2
Mcu.Pin2=PA3
Mcu.Pin3=PA4
Mcu.Pin4=PA5
Mcu.Pin5=PA6
PA5.Signal=GPIO_Output
ProjectManager.ProjectBuild=false
NVIC.UsageFault_IRQn=true\:0\:0\:false\:false\:true\:false\:false
NVIC.DebugMonitor_IRQn=true\:0\:0\:false\:false\:true\:false\:false
PB2.Signal=GPIO_Output
PA8.Locked=true
board=custom
PA4.Locked=true
NVIC.SysTick_IRQn=true\:0\:0\:false\:false\:true\:false\:true
ProjectManager.LastFirmware=true
RCC.PLLMUL=RCC_PLL_MUL16
ProjectManager.FirmwarePackage=STM32Cube FW_F1 V1.8.3
MxDb.Version=DB.6.0.20
PA13.GPIO_PuPd=GPIO_PULLUP
RCC.APB2Freq_Value=8000000
ProjectManager.BackupPrevious=false
MxCube.Version=6.2.0
File.Version=6
PA10.GPIOParameters=GPIO_PuPd
VP_SYS_VS_Systick.Mode=SysTick
VP_SYS_VS_ND.Signal=SYS_VS_ND
PA9.Locked=true
PA8.Signal=GPIO_Output
NVIC.NonMaskableInt_IRQn=true\:0\:0\:false\:false\:true\:false\:false
NVIC.PendSV_IRQn=true\:0\:0\:false\:false\:true\:false\:false
ProjectManager.FreePins=false
RCC.IPParameters=ADCFreqValue,AHBFreq_Value,APB1Freq_Value,APB1TimFreq_Value,APB2Freq_Value,APB2TimFreq_Value,FCLKCortexFreq_Value,FamilyName,HCLKFreq_Value,MCOFreq_Value,PLLCLKFreq_Value,PLLMCOFreq_Value,PLLMUL,SYSCLKFreq_VALUE,TimSysFreq_Value,USBFreq_Value
ProjectManager.AskForMigrate=true
Mcu.Name=STM32F103C(4-6)Tx
ProjectManager.HalAssertFull=false
PB0.Locked=true
PA2.Signal=GPIO_Output
ProjectManager.ProjectName=ProjetoOven
ProjectManager.UnderRoot=true
PB2.Locked=true
PA13.GPIOParameters=GPIO_PuPd
RCC.PLLMCOFreq_Value=32000000
ProjectManager.CoupleFile=false
PB3.Signal=GPIO_Output
PA4.Signal=GPIO_Output
RCC.SYSCLKFreq_VALUE=8000000
Mcu.Package=LQFP48
PB1.Signal=GPIO_Output
PA6.Signal=GPIO_Output
RCC.TimSysFreq_Value=8000000
PA1.Locked=true
Mcu.Pin20=VP_SYS_VS_Systick
PA5.Locked=true
PA3.Locked=true
PA7.Locked=true
PA10.Locked=true
NVIC.ForceEnableDMAVector=true
KeepUserPlacement=false
NVIC.MemoryManagement_IRQn=true\:0\:0\:false\:false\:true\:false\:false
PA13.Locked=true
PA14.Locked=true
ProjectManager.CompilerOptimize=6
ProjectManager.ToolChainLocation=
VP_SYS_VS_Systick.Signal=SYS_VS_Systick
PA11.Signal=GPIO_Input
PA10.Signal=GPIO_Input
PA14.Signal=GPIO_Output
PA15.Signal=GPIO_Output
ProjectManager.HeapSize=0x200
Mcu.Pin15=PA13
NVIC.HardFault_IRQn=true\:0\:0\:false\:false\:true\:false\:false
Mcu.Pin16=PA14
Mcu.Pin13=PA11
Mcu.Pin14=PA12
Mcu.Pin19=VP_SYS_VS_ND
ProjectManager.ComputerToolchain=false
Mcu.Pin17=PA15
Mcu.Pin18=PB3
NVIC.PriorityGroup=NVIC_PRIORITYGROUP_4
Mcu.Pin11=PA9
Mcu.Pin12=PA10
Mcu.Pin10=PA8
RCC.APB1TimFreq_Value=8000000
NVIC.BusFault_IRQn=true\:0\:0\:false\:false\:true\:false\:false
PA12.GPIO_PuPd=GPIO_PULLUP
RCC.APB1Freq_Value=8000000
PB0.Signal=GPIO_Output
ProjectManager.CustomerFirmwarePackage=
ProjectManager.DeviceId=STM32F103C6Tx
ProjectManager.LibraryCopy=2
PB3.Locked=true
PA3.Signal=GPIO_Output
PA7.Signal=GPIO_Output
PA6.Locked=true
PA2.Locked=true
isbadioc=true
